
Microsoft Visual Studio Solution File, Format Version 12.00
# Visual Studio Version 16
VisualStudioVersion = 16.0.30413.136
MinimumVisualStudioVersion = 10.0.40219.1
Project("{FAE04EC0-301F-11D3-BF4B-00C04F79EFBC}") = "DiagramDemo", "DiagramDemo\DiagramDemo.csproj", "{3E53DB6C-2083-48ED-ABE4-D5682F21148C}"
EndProject
Project("{FAE04EC0-301F-11D3-BF4B-00C04F79EFBC}") = "FastAutomationFrame.Diagram", "FastAutomationFrame.Diagram\FastAutomationFrame.Diagram.csproj", "{CD0237EA-B30A-4082-BF9E-02EBECD1BDA7}"
EndProject
Global
	GlobalSection(SolutionConfigurationPlatforms) = preSolution
		Debug|Any CPU = Debug|Any CPU
		Release|Any CPU = Release|Any CPU
	EndGlobalSection
	GlobalSection(ProjectConfigurationPlatforms) = postSolution
		{3E53DB6C-2083-48ED-ABE4-D5682F21148C}.Debug|Any CPU.ActiveCfg = Debug|Any CPU
		{3E53DB6C-2083-48ED-ABE4-D5682F21148C}.Debug|Any CPU.Build.0 = Debug|Any CPU
		{3E53DB6C-2083-48ED-ABE4-D5682F21148C}.Release|Any CPU.ActiveCfg = Release|Any CPU
		{3E53DB6C-2083-48ED-ABE4-D5682F21148C}.Release|Any CPU.Build.0 = Release|Any CPU
		{CD0237EA-B30A-4082-BF9E-02EBECD1BDA7}.Debug|Any CPU.ActiveCfg = Debug|Any CPU
		{CD0237EA-B30A-4082-BF9E-02EBECD1BDA7}.Debug|Any CPU.Build.0 = Debug|Any CPU
		{CD0237EA-B30A-4082-BF9E-02EBECD1BDA7}.Release|Any CPU.ActiveCfg = Release|Any CPU
		{CD0237EA-B30A-4082-BF9E-02EBECD1BDA7}.Release|Any CPU.Build.0 = Release|Any CPU
	EndGlobalSection
	GlobalSection(SolutionProperties) = preSolution
		HideSolutionNode = FALSE
	EndGlobalSection
	GlobalSection(ExtensibilityGlobals) = postSolution
		SolutionGuid = {D3C0E588-25D1-48E9-8BAA-70DC7FA9A11A}
	EndGlobalSection
EndGlobal
